
Microsoft Visual Studio Solution File, Format Version 12.00
# Visual Studio Version 17
VisualStudioVersion = 17.0.31903.59
MinimumVisualStudioVersion = 10.0.40219.1
Project("{FAE04EC0-301F-11D3-BF4B-00C04F79EFBC}") = "CalculatorLibrary", "CalculatorLibrary\CalculatorLibrary.csproj", "{1743E233-0448-47E9-A9D4-DAFE25E9D091}"
EndProject
Project("{FAE04EC0-301F-11D3-BF4B-00C04F79EFBC}") = "Calaulator", "Calaulator\Calaulator.csproj", "{779AD5F0-C673-4D64-A50D-2C9AA890E05B}"
EndProject
Project("{FAE04EC0-301F-11D3-BF4B-00C04F79EFBC}") = "CalcLibTest", "CalcLibTest\CalcLibTest.csproj", "{57CD6793-CB7C-4996-BCFF-B2FEABC86F27}"
EndProject
Global
	GlobalSection(SolutionConfigurationPlatforms) = preSolution
		Debug|Any CPU = Debug|Any CPU
		Release|Any CPU = Release|Any CPU
	EndGlobalSection
	GlobalSection(SolutionProperties) = preSolution
		HideSolutionNode = FALSE
	EndGlobalSection
	GlobalSection(ProjectConfigurationPlatforms) = postSolution
		{1743E233-0448-47E9-A9D4-DAFE25E9D091}.Debug|Any CPU.ActiveCfg = Debug|Any CPU
		{1743E233-0448-47E9-A9D4-DAFE25E9D091}.Debug|Any CPU.Build.0 = Debug|Any CPU
		{1743E233-0448-47E9-A9D4-DAFE25E9D091}.Release|Any CPU.ActiveCfg = Release|Any CPU
		{1743E233-0448-47E9-A9D4-DAFE25E9D091}.Release|Any CPU.Build.0 = Release|Any CPU
		{779AD5F0-C673-4D64-A50D-2C9AA890E05B}.Debug|Any CPU.ActiveCfg = Debug|Any CPU
		{779AD5F0-C673-4D64-A50D-2C9AA890E05B}.Debug|Any CPU.Build.0 = Debug|Any CPU
		{779AD5F0-C673-4D64-A50D-2C9AA890E05B}.Release|Any CPU.ActiveCfg = Release|Any CPU
		{779AD5F0-C673-4D64-A50D-2C9AA890E05B}.Release|Any CPU.Build.0 = Release|Any CPU
		{57CD6793-CB7C-4996-BCFF-B2FEABC86F27}.Debug|Any CPU.ActiveCfg = Debug|Any CPU
		{57CD6793-CB7C-4996-BCFF-B2FEABC86F27}.Debug|Any CPU.Build.0 = Debug|Any CPU
		{57CD6793-CB7C-4996-BCFF-B2FEABC86F27}.Release|Any CPU.ActiveCfg = Release|Any CPU
		{57CD6793-CB7C-4996-BCFF-B2FEABC86F27}.Release|Any CPU.Build.0 = Release|Any CPU
	EndGlobalSection
EndGlobal
